
Microsoft Visual Studio Solution File, Format Version 12.00
# Visual Studio Version 17
VisualStudioVersion = 17.0.32014.148
MinimumVisualStudioVersion = 10.0.40219.1
Project("{9A19103F-16F7-4668-BE54-9A1E7A4F7556}") = "Settings", "Settings\Settings.csproj", "{26B7420B-5985-482E-B6AF-6C9864A21C9C}"
EndProject
Project("{9A19103F-16F7-4668-BE54-9A1E7A4F7556}") = "Settings.Test", "Settings.Test\Settings.Test.csproj", "{E6EB7FB9-310F-478E-898A-9C210D51476F}"
EndProject
Project("{9A19103F-16F7-4668-BE54-9A1E7A4F7556}") = "Settings.Encryption", "Settings.Encryption\Settings.Encryption.csproj", "{0880ECEA-4D72-405E-BAC0-CD03F9F85F81}"
EndProject
Project("{2150E333-8FDC-42A3-9474-1A3956D46DE8}") = "Test", "Test", "{478A76C6-FCF6-4C2F-A42D-FAA6C7AC31D5}"
EndProject
Project("{9A19103F-16F7-4668-BE54-9A1E7A4F7556}") = "Settings.Encryption.Test", "Settings.Encryption.Test\Settings.Encryption.Test.csproj", "{41D6DD37-6CFE-4F4B-9C3D-E35E5EC7764F}"
EndProject
Project("{9A19103F-16F7-4668-BE54-9A1E7A4F7556}") = "Settings.Sinks.File", "Settings.Sinks.File\Settings.Sinks.File.csproj", "{7063EC2E-0B2F-4C80-8DBA-89240A1620AF}"
EndProject
Project("{9A19103F-16F7-4668-BE54-9A1E7A4F7556}") = "Settings.Serializers.Json.Net", "Settings.Serializers.Json.Net\Settings.Serializers.Json.Net.csproj", "{0060A8DB-DC3E-4EBB-8BCE-5A02312AD02F}"
EndProject
Project("{9A19103F-16F7-4668-BE54-9A1E7A4F7556}") = "Settings.Sinks.File.Test", "Settings.Sinks.File.Test\Settings.Sinks.File.Test.csproj", "{40DA3516-16CE-4ABC-94E1-7B93E209D345}"
EndProject
Project("{9A19103F-16F7-4668-BE54-9A1E7A4F7556}") = "Settings.Serializers.Json.Net.Test", "Settings.Serializers.Json.Net.Test\Settings.Serializers.Json.Net.Test.csproj", "{8610EE29-F78D-492B-886F-837AAA23E207}"
EndProject
Project("{9A19103F-16F7-4668-BE54-9A1E7A4F7556}") = "Settings.Builder.Test", "Settings.Builder.Test\Settings.Builder.Test.csproj", "{EA38CDC9-D5C7-4322-AB13-416CF913E0D0}"
EndProject
Global
	GlobalSection(SolutionConfigurationPlatforms) = preSolution
		Debug|Any CPU = Debug|Any CPU
		Release|Any CPU = Release|Any CPU
	EndGlobalSection
	GlobalSection(ProjectConfigurationPlatforms) = postSolution
		{26B7420B-5985-482E-B6AF-6C9864A21C9C}.Debug|Any CPU.ActiveCfg = Debug|Any CPU
		{26B7420B-5985-482E-B6AF-6C9864A21C9C}.Debug|Any CPU.Build.0 = Debug|Any CPU
		{26B7420B-5985-482E-B6AF-6C9864A21C9C}.Release|Any CPU.ActiveCfg = Release|Any CPU
		{26B7420B-5985-482E-B6AF-6C9864A21C9C}.Release|Any CPU.Build.0 = Release|Any CPU
		{E6EB7FB9-310F-478E-898A-9C210D51476F}.Debug|Any CPU.ActiveCfg = Debug|Any CPU
		{E6EB7FB9-310F-478E-898A-9C210D51476F}.Debug|Any CPU.Build.0 = Debug|Any CPU
		{E6EB7FB9-310F-478E-898A-9C210D51476F}.Release|Any CPU.ActiveCfg = Release|Any CPU
		{E6EB7FB9-310F-478E-898A-9C210D51476F}.Release|Any CPU.Build.0 = Release|Any CPU
		{0880ECEA-4D72-405E-BAC0-CD03F9F85F81}.Debug|Any CPU.ActiveCfg = Debug|Any CPU
		{0880ECEA-4D72-405E-BAC0-CD03F9F85F81}.Debug|Any CPU.Build.0 = Debug|Any CPU
		{0880ECEA-4D72-405E-BAC0-CD03F9F85F81}.Release|Any CPU.ActiveCfg = Release|Any CPU
		{0880ECEA-4D72-405E-BAC0-CD03F9F85F81}.Release|Any CPU.Build.0 = Release|Any CPU
		{41D6DD37-6CFE-4F4B-9C3D-E35E5EC7764F}.Debug|Any CPU.ActiveCfg = Debug|Any CPU
		{41D6DD37-6CFE-4F4B-9C3D-E35E5EC7764F}.Debug|Any CPU.Build.0 = Debug|Any CPU
		{41D6DD37-6CFE-4F4B-9C3D-E35E5EC7764F}.Release|Any CPU.ActiveCfg = Release|Any CPU
		{41D6DD37-6CFE-4F4B-9C3D-E35E5EC7764F}.Release|Any CPU.Build.0 = Release|Any CPU
		{7063EC2E-0B2F-4C80-8DBA-89240A1620AF}.Debug|Any CPU.ActiveCfg = Debug|Any CPU
		{7063EC2E-0B2F-4C80-8DBA-89240A1620AF}.Debug|Any CPU.Build.0 = Debug|Any CPU
		{7063EC2E-0B2F-4C80-8DBA-89240A1620AF}.Release|Any CPU.ActiveCfg = Release|Any CPU
		{7063EC2E-0B2F-4C80-8DBA-89240A1620AF}.Release|Any CPU.Build.0 = Release|Any CPU
		{0060A8DB-DC3E-4EBB-8BCE-5A02312AD02F}.Debug|Any CPU.ActiveCfg = Debug|Any CPU
		{0060A8DB-DC3E-4EBB-8BCE-5A02312AD02F}.Debug|Any CPU.Build.0 = Debug|Any CPU
		{0060A8DB-DC3E-4EBB-8BCE-5A02312AD02F}.Release|Any CPU.ActiveCfg = Release|Any CPU
		{0060A8DB-DC3E-4EBB-8BCE-5A02312AD02F}.Release|Any CPU.Build.0 = Release|Any CPU
		{40DA3516-16CE-4ABC-94E1-7B93E209D345}.Debug|Any CPU.ActiveCfg = Debug|Any CPU
		{40DA3516-16CE-4ABC-94E1-7B93E209D345}.Debug|Any CPU.Build.0 = Debug|Any CPU
		{40DA3516-16CE-4ABC-94E1-7B93E209D345}.Release|Any CPU.ActiveCfg = Release|Any CPU
		{40DA3516-16CE-4ABC-94E1-7B93E209D345}.Release|Any CPU.Build.0 = Release|Any CPU
		{8610EE29-F78D-492B-886F-837AAA23E207}.Debug|Any CPU.ActiveCfg = Debug|Any CPU
		{8610EE29-F78D-492B-886F-837AAA23E207}.Debug|Any CPU.Build.0 = Debug|Any CPU
		{8610EE29-F78D-492B-886F-837AAA23E207}.Release|Any CPU.ActiveCfg = Release|Any CPU
		{8610EE29-F78D-492B-886F-837AAA23E207}.Release|Any CPU.Build.0 = Release|Any CPU
		{EA38CDC9-D5C7-4322-AB13-416CF913E0D0}.Debug|Any CPU.ActiveCfg = Debug|Any CPU
		{EA38CDC9-D5C7-4322-AB13-416CF913E0D0}.Debug|Any CPU.Build.0 = Debug|Any CPU
		{EA38CDC9-D5C7-4322-AB13-416CF913E0D0}.Release|Any CPU.ActiveCfg = Release|Any CPU
		{EA38CDC9-D5C7-4322-AB13-416CF913E0D0}.Release|Any CPU.Build.0 = Release|Any CPU
	EndGlobalSection
	GlobalSection(SolutionProperties) = preSolution
		HideSolutionNode = FALSE
	EndGlobalSection
	GlobalSection(NestedProjects) = preSolution
		{E6EB7FB9-310F-478E-898A-9C210D51476F} = {478A76C6-FCF6-4C2F-A42D-FAA6C7AC31D5}
		{41D6DD37-6CFE-4F4B-9C3D-E35E5EC7764F} = {478A76C6-FCF6-4C2F-A42D-FAA6C7AC31D5}
		{40DA3516-16CE-4ABC-94E1-7B93E209D345} = {478A76C6-FCF6-4C2F-A42D-FAA6C7AC31D5}
		{8610EE29-F78D-492B-886F-837AAA23E207} = {478A76C6-FCF6-4C2F-A42D-FAA6C7AC31D5}
		{EA38CDC9-D5C7-4322-AB13-416CF913E0D0} = {478A76C6-FCF6-4C2F-A42D-FAA6C7AC31D5}
	EndGlobalSection
	GlobalSection(ExtensibilityGlobals) = postSolution
		SolutionGuid = {C918348F-A974-431E-B317-64E34CEA0FC5}
	EndGlobalSection
EndGlobal
